
Microsoft Visual Studio Solution File, Format Version 12.00
# Visual Studio 15
VisualStudioVersion = 15.0.28307.645
MinimumVisualStudioVersion = 10.0.40219.1
Project("{FAE04EC0-301F-11D3-BF4B-00C04F79EFBC}") = "ComicBookGallery", "ComicBookGallery\ComicBookGallery.csproj", "{D2B78938-D8C3-46E9-BFC9-D66399064D2F}"
EndProject
Global
	GlobalSection(SolutionConfigurationPlatforms) = preSolution
		Debug|Any CPU = Debug|Any CPU
		Release|Any CPU = Release|Any CPU
	EndGlobalSection
	GlobalSection(ProjectConfigurationPlatforms) = postSolution
		{D2B78938-D8C3-46E9-BFC9-D66399064D2F}.Debug|Any CPU.ActiveCfg = Debug|Any CPU
		{D2B78938-D8C3-46E9-BFC9-D66399064D2F}.Debug|Any CPU.Build.0 = Debug|Any CPU
		{D2B78938-D8C3-46E9-BFC9-D66399064D2F}.Release|Any CPU.ActiveCfg = Release|Any CPU
		{D2B78938-D8C3-46E9-BFC9-D66399064D2F}.Release|Any CPU.Build.0 = Release|Any CPU
	EndGlobalSection
	GlobalSection(SolutionProperties) = preSolution
		HideSolutionNode = FALSE
	EndGlobalSection
	GlobalSection(ExtensibilityGlobals) = postSolution
		SolutionGuid = {49AABA82-7EBB-4C1D-AD5F-08C33B767D94}
	EndGlobalSection
EndGlobal
